
Microsoft Visual Studio Solution File, Format Version 12.00
# Visual Studio Version 16
VisualStudioVersion = 16.0.30517.126
MinimumVisualStudioVersion = 10.0.40219.1
Project("{FAE04EC0-301F-11D3-BF4B-00C04F79EFBC}") = "NeoDemoXam.Android", "NeoDemoXam\NeoDemoXam.Android\NeoDemoXam.Android.csproj", "{8137B14C-25C1-4FAE-B991-344B5351D25F}"
EndProject
Project("{FAE04EC0-301F-11D3-BF4B-00C04F79EFBC}") = "NeoDemoXam.iOS", "NeoDemoXam\NeoDemoXam.iOS\NeoDemoXam.iOS.csproj", "{912FE1DF-0127-43F6-89D6-48601D5E1406}"
EndProject
Project("{9A19103F-16F7-4668-BE54-9A1E7A4F7556}") = "NeoDemoXam", "NeoDemoXam\NeoDemoXam\NeoDemoXam.csproj", "{0C576C9C-B413-47AA-87FB-0BDFBA663CF4}"
EndProject
Project("{FAE04EC0-301F-11D3-BF4B-00C04F79EFBC}") = "NeoDemoXam.Tests", "NeoDemoXam.Tests\NeoDemoXam.Tests.csproj", "{0F2B9697-CDAF-4F06-98F8-5451311CEA5B}"
EndProject
Global
	GlobalSection(SolutionConfigurationPlatforms) = preSolution
		Debug|Any CPU = Debug|Any CPU
		Debug|iPhone = Debug|iPhone
		Debug|iPhoneSimulator = Debug|iPhoneSimulator
		Release|Any CPU = Release|Any CPU
		Release|iPhone = Release|iPhone
		Release|iPhoneSimulator = Release|iPhoneSimulator
	EndGlobalSection
	GlobalSection(ProjectConfigurationPlatforms) = postSolution
		{8137B14C-25C1-4FAE-B991-344B5351D25F}.Debug|Any CPU.ActiveCfg = Debug|Any CPU
		{8137B14C-25C1-4FAE-B991-344B5351D25F}.Debug|Any CPU.Build.0 = Debug|Any CPU
		{8137B14C-25C1-4FAE-B991-344B5351D25F}.Debug|Any CPU.Deploy.0 = Debug|Any CPU
		{8137B14C-25C1-4FAE-B991-344B5351D25F}.Debug|iPhone.ActiveCfg = Debug|Any CPU
		{8137B14C-25C1-4FAE-B991-344B5351D25F}.Debug|iPhone.Build.0 = Debug|Any CPU
		{8137B14C-25C1-4FAE-B991-344B5351D25F}.Debug|iPhone.Deploy.0 = Debug|Any CPU
		{8137B14C-25C1-4FAE-B991-344B5351D25F}.Debug|iPhoneSimulator.ActiveCfg = Debug|Any CPU
		{8137B14C-25C1-4FAE-B991-344B5351D25F}.Debug|iPhoneSimulator.Build.0 = Debug|Any CPU
		{8137B14C-25C1-4FAE-B991-344B5351D25F}.Debug|iPhoneSimulator.Deploy.0 = Debug|Any CPU
		{8137B14C-25C1-4FAE-B991-344B5351D25F}.Release|Any CPU.ActiveCfg = Release|Any CPU
		{8137B14C-25C1-4FAE-B991-344B5351D25F}.Release|Any CPU.Build.0 = Release|Any CPU
		{8137B14C-25C1-4FAE-B991-344B5351D25F}.Release|Any CPU.Deploy.0 = Release|Any CPU
		{8137B14C-25C1-4FAE-B991-344B5351D25F}.Release|iPhone.ActiveCfg = Release|Any CPU
		{8137B14C-25C1-4FAE-B991-344B5351D25F}.Release|iPhone.Build.0 = Release|Any CPU
		{8137B14C-25C1-4FAE-B991-344B5351D25F}.Release|iPhone.Deploy.0 = Release|Any CPU
		{8137B14C-25C1-4FAE-B991-344B5351D25F}.Release|iPhoneSimulator.ActiveCfg = Release|Any CPU
		{8137B14C-25C1-4FAE-B991-344B5351D25F}.Release|iPhoneSimulator.Build.0 = Release|Any CPU
		{8137B14C-25C1-4FAE-B991-344B5351D25F}.Release|iPhoneSimulator.Deploy.0 = Release|Any CPU
		{912FE1DF-0127-43F6-89D6-48601D5E1406}.Debug|Any CPU.ActiveCfg = Debug|iPhone
		{912FE1DF-0127-43F6-89D6-48601D5E1406}.Debug|Any CPU.Build.0 = Debug|iPhone
		{912FE1DF-0127-43F6-89D6-48601D5E1406}.Debug|Any CPU.Deploy.0 = Debug|iPhone
		{912FE1DF-0127-43F6-89D6-48601D5E1406}.Debug|iPhone.ActiveCfg = Debug|iPhone
		{912FE1DF-0127-43F6-89D6-48601D5E1406}.Debug|iPhone.Build.0 = Debug|iPhone
		{912FE1DF-0127-43F6-89D6-48601D5E1406}.Debug|iPhone.Deploy.0 = Debug|iPhone
		{912FE1DF-0127-43F6-89D6-48601D5E1406}.Debug|iPhoneSimulator.ActiveCfg = Debug|iPhoneSimulator
		{912FE1DF-0127-43F6-89D6-48601D5E1406}.Debug|iPhoneSimulator.Build.0 = Debug|iPhoneSimulator
		{912FE1DF-0127-43F6-89D6-48601D5E1406}.Debug|iPhoneSimulator.Deploy.0 = Debug|iPhoneSimulator
		{912FE1DF-0127-43F6-89D6-48601D5E1406}.Release|Any CPU.ActiveCfg = Release|iPhoneSimulator
		{912FE1DF-0127-43F6-89D6-48601D5E1406}.Release|Any CPU.Build.0 = Release|iPhoneSimulator
		{912FE1DF-0127-43F6-89D6-48601D5E1406}.Release|Any CPU.Deploy.0 = Release|iPhoneSimulator
		{912FE1DF-0127-43F6-89D6-48601D5E1406}.Release|iPhone.ActiveCfg = Release|iPhone
		{912FE1DF-0127-43F6-89D6-48601D5E1406}.Release|iPhone.Build.0 = Release|iPhone
		{912FE1DF-0127-43F6-89D6-48601D5E1406}.Release|iPhone.Deploy.0 = Release|iPhone
		{912FE1DF-0127-43F6-89D6-48601D5E1406}.Release|iPhoneSimulator.ActiveCfg = Release|iPhoneSimulator
		{912FE1DF-0127-43F6-89D6-48601D5E1406}.Release|iPhoneSimulator.Build.0 = Release|iPhoneSimulator
		{912FE1DF-0127-43F6-89D6-48601D5E1406}.Release|iPhoneSimulator.Deploy.0 = Release|iPhoneSimulator
		{0C576C9C-B413-47AA-87FB-0BDFBA663CF4}.Debug|Any CPU.ActiveCfg = Debug|Any CPU
		{0C576C9C-B413-47AA-87FB-0BDFBA663CF4}.Debug|Any CPU.Build.0 = Debug|Any CPU
		{0C576C9C-B413-47AA-87FB-0BDFBA663CF4}.Debug|Any CPU.Deploy.0 = Debug|Any CPU
		{0C576C9C-B413-47AA-87FB-0BDFBA663CF4}.Debug|iPhone.ActiveCfg = Debug|Any CPU
		{0C576C9C-B413-47AA-87FB-0BDFBA663CF4}.Debug|iPhone.Build.0 = Debug|Any CPU
		{0C576C9C-B413-47AA-87FB-0BDFBA663CF4}.Debug|iPhone.Deploy.0 = Debug|Any CPU
		{0C576C9C-B413-47AA-87FB-0BDFBA663CF4}.Debug|iPhoneSimulator.ActiveCfg = Debug|Any CPU
		{0C576C9C-B413-47AA-87FB-0BDFBA663CF4}.Debug|iPhoneSimulator.Build.0 = Debug|Any CPU
		{0C576C9C-B413-47AA-87FB-0BDFBA663CF4}.Debug|iPhoneSimulator.Deploy.0 = Debug|Any CPU
		{0C576C9C-B413-47AA-87FB-0BDFBA663CF4}.Release|Any CPU.ActiveCfg = Release|Any CPU
		{0C576C9C-B413-47AA-87FB-0BDFBA663CF4}.Release|Any CPU.Build.0 = Release|Any CPU
		{0C576C9C-B413-47AA-87FB-0BDFBA663CF4}.Release|Any CPU.Deploy.0 = Release|Any CPU
		{0C576C9C-B413-47AA-87FB-0BDFBA663CF4}.Release|iPhone.ActiveCfg = Release|Any CPU
		{0C576C9C-B413-47AA-87FB-0BDFBA663CF4}.Release|iPhone.Build.0 = Release|Any CPU
		{0C576C9C-B413-47AA-87FB-0BDFBA663CF4}.Release|iPhone.Deploy.0 = Release|Any CPU
		{0C576C9C-B413-47AA-87FB-0BDFBA663CF4}.Release|iPhoneSimulator.ActiveCfg = Release|Any CPU
		{0C576C9C-B413-47AA-87FB-0BDFBA663CF4}.Release|iPhoneSimulator.Build.0 = Release|Any CPU
		{0C576C9C-B413-47AA-87FB-0BDFBA663CF4}.Release|iPhoneSimulator.Deploy.0 = Release|Any CPU
		{0F2B9697-CDAF-4F06-98F8-5451311CEA5B}.Debug|Any CPU.ActiveCfg = Debug|Any CPU
		{0F2B9697-CDAF-4F06-98F8-5451311CEA5B}.Debug|Any CPU.Build.0 = Debug|Any CPU
		{0F2B9697-CDAF-4F06-98F8-5451311CEA5B}.Debug|iPhone.ActiveCfg = Debug|Any CPU
		{0F2B9697-CDAF-4F06-98F8-5451311CEA5B}.Debug|iPhone.Build.0 = Debug|Any CPU
		{0F2B9697-CDAF-4F06-98F8-5451311CEA5B}.Debug|iPhoneSimulator.ActiveCfg = Debug|Any CPU
		{0F2B9697-CDAF-4F06-98F8-5451311CEA5B}.Debug|iPhoneSimulator.Build.0 = Debug|Any CPU
		{0F2B9697-CDAF-4F06-98F8-5451311CEA5B}.Release|Any CPU.ActiveCfg = Release|Any CPU
		{0F2B9697-CDAF-4F06-98F8-5451311CEA5B}.Release|Any CPU.Build.0 = Release|Any CPU
		{0F2B9697-CDAF-4F06-98F8-5451311CEA5B}.Release|iPhone.ActiveCfg = Release|Any CPU
		{0F2B9697-CDAF-4F06-98F8-5451311CEA5B}.Release|iPhone.Build.0 = Release|Any CPU
		{0F2B9697-CDAF-4F06-98F8-5451311CEA5B}.Release|iPhoneSimulator.ActiveCfg = Release|Any CPU
		{0F2B9697-CDAF-4F06-98F8-5451311CEA5B}.Release|iPhoneSimulator.Build.0 = Release|Any CPU
	EndGlobalSection
	GlobalSection(SolutionProperties) = preSolution
		HideSolutionNode = FALSE
	EndGlobalSection
	GlobalSection(ExtensibilityGlobals) = postSolution
		SolutionGuid = {B73F97E4-D91F-4567-A4F3-345A1A9B66AA}
	EndGlobalSection
EndGlobal
